
Microsoft Visual Studio Solution File, Format Version 12.00
# Visual Studio Version 17
VisualStudioVersion = 17.8.34330.188
MinimumVisualStudioVersion = 10.0.40219.1
Project("{FAE04EC0-301F-11D3-BF4B-00C04F79EFBC}") = "Ecommerce_backend_API", "Ecommerce_backend_API\Ecommerce_backend_API.csproj", "{86B5EA9D-C29B-4BA5-ABB5-2BA57ACAE856}"
EndProject
Global
	GlobalSection(SolutionConfigurationPlatforms) = preSolution
		Debug|Any CPU = Debug|Any CPU
		Release|Any CPU = Release|Any CPU
	EndGlobalSection
	GlobalSection(ProjectConfigurationPlatforms) = postSolution
		{86B5EA9D-C29B-4BA5-ABB5-2BA57ACAE856}.Debug|Any CPU.ActiveCfg = Debug|Any CPU
		{86B5EA9D-C29B-4BA5-ABB5-2BA57ACAE856}.Debug|Any CPU.Build.0 = Debug|Any CPU
		{86B5EA9D-C29B-4BA5-ABB5-2BA57ACAE856}.Release|Any CPU.ActiveCfg = Release|Any CPU
		{86B5EA9D-C29B-4BA5-ABB5-2BA57ACAE856}.Release|Any CPU.Build.0 = Release|Any CPU
	EndGlobalSection
	GlobalSection(SolutionProperties) = preSolution
		HideSolutionNode = FALSE
	EndGlobalSection
	GlobalSection(ExtensibilityGlobals) = postSolution
		SolutionGuid = {F447BA5E-A721-430C-9A14-0B65D2F1667A}
	EndGlobalSection
EndGlobal
